
Microsoft Visual Studio Solution File, Format Version 12.00
Project("{FAE04EC0-301F-11D3-BF4B-00C04F79EFBC}") = "NetStandardTest", "NetStandardTest\NetStandardTest.csproj", "{25D93935-C4D4-4097-A204-3155F02F67E8}"
EndProject
Project("{FAE04EC0-301F-11D3-BF4B-00C04F79EFBC}") = "LibraryA-Standard20", "LibraryA-Standard20\LibraryA-Standard20.csproj", "{96F66D6C-ED81-4623-AEC2-4BA5DC91FAFE}"
EndProject
Project("{FAE04EC0-301F-11D3-BF4B-00C04F79EFBC}") = "LibraryB-Standard20_21", "LibraryB-Standard20_21\LibraryB-Standard20_21.csproj", "{7A84580D-7936-454F-B0C6-1C403862B45E}"
EndProject
Project("{FAE04EC0-301F-11D3-BF4B-00C04F79EFBC}") = "NetFxConsole", "NetFxConsole\NetFxConsole.csproj", "{B7D7B14E-FF2D-470F-9C99-8239405908DE}"
EndProject
Global
	GlobalSection(SolutionConfigurationPlatforms) = preSolution
		Debug|Any CPU = Debug|Any CPU
		Release|Any CPU = Release|Any CPU
	EndGlobalSection
	GlobalSection(ProjectConfigurationPlatforms) = postSolution
		{25D93935-C4D4-4097-A204-3155F02F67E8}.Debug|Any CPU.ActiveCfg = Debug|Any CPU
		{25D93935-C4D4-4097-A204-3155F02F67E8}.Debug|Any CPU.Build.0 = Debug|Any CPU
		{25D93935-C4D4-4097-A204-3155F02F67E8}.Release|Any CPU.ActiveCfg = Release|Any CPU
		{25D93935-C4D4-4097-A204-3155F02F67E8}.Release|Any CPU.Build.0 = Release|Any CPU
		{96F66D6C-ED81-4623-AEC2-4BA5DC91FAFE}.Debug|Any CPU.ActiveCfg = Debug|Any CPU
		{96F66D6C-ED81-4623-AEC2-4BA5DC91FAFE}.Debug|Any CPU.Build.0 = Debug|Any CPU
		{96F66D6C-ED81-4623-AEC2-4BA5DC91FAFE}.Release|Any CPU.ActiveCfg = Release|Any CPU
		{96F66D6C-ED81-4623-AEC2-4BA5DC91FAFE}.Release|Any CPU.Build.0 = Release|Any CPU
		{7A84580D-7936-454F-B0C6-1C403862B45E}.Debug|Any CPU.ActiveCfg = Debug|Any CPU
		{7A84580D-7936-454F-B0C6-1C403862B45E}.Debug|Any CPU.Build.0 = Debug|Any CPU
		{7A84580D-7936-454F-B0C6-1C403862B45E}.Release|Any CPU.ActiveCfg = Release|Any CPU
		{7A84580D-7936-454F-B0C6-1C403862B45E}.Release|Any CPU.Build.0 = Release|Any CPU
		{B7D7B14E-FF2D-470F-9C99-8239405908DE}.Debug|Any CPU.ActiveCfg = Debug|Any CPU
		{B7D7B14E-FF2D-470F-9C99-8239405908DE}.Debug|Any CPU.Build.0 = Debug|Any CPU
		{B7D7B14E-FF2D-470F-9C99-8239405908DE}.Release|Any CPU.ActiveCfg = Release|Any CPU
		{B7D7B14E-FF2D-470F-9C99-8239405908DE}.Release|Any CPU.Build.0 = Release|Any CPU
	EndGlobalSection
EndGlobal
